
Microsoft Visual Studio Solution File, Format Version 12.00
# Visual Studio Version 16
VisualStudioVersion = 16.0.29123.88
MinimumVisualStudioVersion = 10.0.40219.1
Project("{9A19103F-16F7-4668-BE54-9A1E7A4F7556}") = "CSharp_Tutorials", "CSharp_Tutorials\CSharp_Tutorials.csproj", "{D55AC768-069B-4AB1-BC61-4A9E6A317372}"
EndProject
Project("{FAE04EC0-301F-11D3-BF4B-00C04F79EFBC}") = "ConsoleUnitTest", "ConsoleUnitTest\ConsoleUnitTest.csproj", "{862EF7BE-394E-4F3E-B870-5A464D54A309}"
EndProject
Global
	GlobalSection(SolutionConfigurationPlatforms) = preSolution
		Debug|Any CPU = Debug|Any CPU
		Release|Any CPU = Release|Any CPU
	EndGlobalSection
	GlobalSection(ProjectConfigurationPlatforms) = postSolution
		{D55AC768-069B-4AB1-BC61-4A9E6A317372}.Debug|Any CPU.ActiveCfg = Debug|Any CPU
		{D55AC768-069B-4AB1-BC61-4A9E6A317372}.Debug|Any CPU.Build.0 = Debug|Any CPU
		{D55AC768-069B-4AB1-BC61-4A9E6A317372}.Release|Any CPU.ActiveCfg = Release|Any CPU
		{D55AC768-069B-4AB1-BC61-4A9E6A317372}.Release|Any CPU.Build.0 = Release|Any CPU
		{862EF7BE-394E-4F3E-B870-5A464D54A309}.Debug|Any CPU.ActiveCfg = Debug|Any CPU
		{862EF7BE-394E-4F3E-B870-5A464D54A309}.Debug|Any CPU.Build.0 = Debug|Any CPU
		{862EF7BE-394E-4F3E-B870-5A464D54A309}.Release|Any CPU.ActiveCfg = Release|Any CPU
		{862EF7BE-394E-4F3E-B870-5A464D54A309}.Release|Any CPU.Build.0 = Release|Any CPU
	EndGlobalSection
	GlobalSection(SolutionProperties) = preSolution
		HideSolutionNode = FALSE
	EndGlobalSection
	GlobalSection(ExtensibilityGlobals) = postSolution
		SolutionGuid = {64791BB8-C53B-41FA-BDCA-95A021122FCA}
	EndGlobalSection
EndGlobal
